<?xml version="1.0" encoding="utf-8"?>
<Project ToolsVersion="4.0" xmlns="http://schemas.microsoft.com/developer/msbuild/2003">
  <ItemGroup>
    <Filter Include="Graphics">
      <UniqueIdentifier>{1653CE33-0220-293F-2B39-17E717655ECD}</UniqueIdentifier>
    </Filter>
    <Filter Include="Input">
      <UniqueIdentifier>{953A660D-014F-8EBE-CAD0-311E36A48AEF}</UniqueIdentifier>
    </Filter>
    <Filter Include="Script">
      <UniqueIdentifier>{9AFBBAD0-869D-E5A6-6F58-F9FA5B996CF7}</UniqueIdentifier>
    </Filter>
    <Filter Include="Utils">
      <UniqueIdentifier>{F68B420E-62A0-6ABF-2B22-0E1F97F566F0}</UniqueIdentifier>
    </Filter>
  </ItemGroup>
  <ItemGroup>
    <ClInclude Include="Core\Engine.h" />
    <ClInclude Include="Core\Graphics\Shader.h">
      <Filter>Graphics</Filter>
    </ClInclude>
    <ClInclude Include="Core\Graphics\Texture.h">
      <Filter>Graphics</Filter>
    </ClInclude>
    <ClInclude Include="Core\Input\Input.h">
      <Filter>Input</Filter>
    </ClInclude>
    <ClInclude Include="Core\Input\InputKeyCodes.h">
      <Filter>Input</Filter>
    </ClInclude>
    <ClInclude Include="Core\Scene.h" />
    <ClInclude Include="Core\SceneManager.h" />
    <ClInclude Include="Core\Script\ScriptEngine.h">
      <Filter>Script</Filter>
    </ClInclude>
    <ClInclude Include="Core\Utils\File.h">
      <Filter>Utils</Filter>
    </ClInclude>
    <ClInclude Include="Core\Window.h" />
    <ClInclude Include="Core\test.h" />
  </ItemGroup>
  <ItemGroup>
    <ClCompile Include="Core\Engine.cpp" />
    <ClCompile Include="Core\Graphics\Shader.cpp">
      <Filter>Graphics</Filter>
    </ClCompile>
    <ClCompile Include="Core\Graphics\Texture.cpp">
      <Filter>Graphics</Filter>
    </ClCompile>
    <ClCompile Include="Core\Input\Input.cpp">
      <Filter>Input</Filter>
    </ClCompile>
    <ClCompile Include="Core\SceneManager.cpp" />
    <ClCompile Include="Core\Script\ScriptEngine.cpp">
      <Filter>Script</Filter>
    </ClCompile>
    <ClCompile Include="Core\Utils\File.cpp">
      <Filter>Utils</Filter>
    </ClCompile>
    <ClCompile Include="Core\Utils\STB_IMPL.cpp">
      <Filter>Utils</Filter>
    </ClCompile>
    <ClCompile Include="Core\Window.cpp" />
    <ClCompile Include="Core\test.cpp" />
  </ItemGroup>
</Project>