<?xml version="1.0" encoding="utf-8"?>
<Project ToolsVersion="4.0" xmlns="http://schemas.microsoft.com/developer/msbuild/2003">
  <ItemGroup>
    <Filter Include="Asset">
      <UniqueIdentifier>{253FD80C-9153-00BE-5AD5-A31DC6A8FCEE}</UniqueIdentifier>
    </Filter>
    <Filter Include="Asset\Manager">
      <UniqueIdentifier>{4FD03F4C-BB90-BB82-84CB-0400F04A005F}</UniqueIdentifier>
    </Filter>
    <Filter Include="Component">
      <UniqueIdentifier>{F8BD1DB3-6428-D229-AD66-83CF1910B07E}</UniqueIdentifier>
    </Filter>
    <Filter Include="Entity">
      <UniqueIdentifier>{A2E9DAB0-8E8B-0587-7746-19DB63878CD7}</UniqueIdentifier>
    </Filter>
    <Filter Include="Event">
      <UniqueIdentifier>{E70B220D-5320-4ABE-1CA2-ED1D887546EF}</UniqueIdentifier>
    </Filter>
    <Filter Include="Graphics">
      <UniqueIdentifier>{1653CE33-0220-293F-2B39-17E717655ECD}</UniqueIdentifier>
    </Filter>
    <Filter Include="Graphics\Renderer">
      <UniqueIdentifier>{7C6F0F98-E885-0D2E-31FD-984F9D52DEB5}</UniqueIdentifier>
    </Filter>
    <Filter Include="ImGui">
      <UniqueIdentifier>{C0FF640D-2C14-8DBE-F595-301E616989EF}</UniqueIdentifier>
    </Filter>
    <Filter Include="Input">
      <UniqueIdentifier>{953A660D-014F-8EBE-CAD0-311E36A48AEF}</UniqueIdentifier>
    </Filter>
    <Filter Include="Layer">
      <UniqueIdentifier>{6287950D-CE9B-BDBE-971D-611E03F1B9EF}</UniqueIdentifier>
    </Filter>
    <Filter Include="Script">
      <UniqueIdentifier>{9AFBBAD0-869D-E5A6-6F58-F9FA5B996CF7}</UniqueIdentifier>
    </Filter>
    <Filter Include="Utils">
      <UniqueIdentifier>{F68B420E-62A0-6ABF-2B22-0E1F97F566F0}</UniqueIdentifier>
    </Filter>
    <Filter Include="Utils\Math">
      <UniqueIdentifier>{8FDAE4C5-7B92-2613-E499-FF6ED070C103}</UniqueIdentifier>
    </Filter>
  </ItemGroup>
  <ItemGroup>
    <ClInclude Include="Core\Application.h" />
    <ClInclude Include="Core\Asset\Asset.h">
      <Filter>Asset</Filter>
    </ClInclude>
    <ClInclude Include="Core\Asset\AssetType.h">
      <Filter>Asset</Filter>
    </ClInclude>
    <ClInclude Include="Core\Asset\Asset_Scene.h">
      <Filter>Asset</Filter>
    </ClInclude>
    <ClInclude Include="Core\Asset\Asset_Texture.h">
      <Filter>Asset</Filter>
    </ClInclude>
    <ClInclude Include="Core\Asset\Manager\AssetManager.h">
      <Filter>Asset\Manager</Filter>
    </ClInclude>
    <ClInclude Include="Core\Camera.h" />
    <ClInclude Include="Core\Component\BoxCollider2DComponent.h">
      <Filter>Component</Filter>
    </ClInclude>
    <ClInclude Include="Core\Component\CameraComponent.h">
      <Filter>Component</Filter>
    </ClInclude>
    <ClInclude Include="Core\Component\LightComponent.h">
      <Filter>Component</Filter>
    </ClInclude>
    <ClInclude Include="Core\Component\MaterialComponent.h">
      <Filter>Component</Filter>
    </ClInclude>
    <ClInclude Include="Core\Component\RigidBody2DComponent.h">
      <Filter>Component</Filter>
    </ClInclude>
    <ClInclude Include="Core\Component\SpriteRendererComponent.h">
      <Filter>Component</Filter>
    </ClInclude>
    <ClInclude Include="Core\Component\TransformComponent.h">
      <Filter>Component</Filter>
    </ClInclude>
    <ClInclude Include="Core\Entity\Entity.hpp">
      <Filter>Entity</Filter>
    </ClInclude>
    <ClInclude Include="Core\Entity\NameComponent.h">
      <Filter>Entity</Filter>
    </ClInclude>
    <ClInclude Include="Core\Entity\RelationshipComponent.h">
      <Filter>Entity</Filter>
    </ClInclude>
    <ClInclude Include="Core\Entity\UUIDComponent.h">
      <Filter>Entity</Filter>
    </ClInclude>
    <ClInclude Include="Core\EntryPoint.h" />
    <ClInclude Include="Core\Event\Event.h">
      <Filter>Event</Filter>
    </ClInclude>
    <ClInclude Include="Core\Event\EventManager.h">
      <Filter>Event</Filter>
    </ClInclude>
    <ClInclude Include="Core\Event\WindowEvent.h">
      <Filter>Event</Filter>
    </ClInclude>
    <ClInclude Include="Core\Graphics\FrameBuffer.h">
      <Filter>Graphics</Filter>
    </ClInclude>
    <ClInclude Include="Core\Graphics\Graphics.h">
      <Filter>Graphics</Filter>
    </ClInclude>
    <ClInclude Include="Core\Graphics\IndexBuffer.h">
      <Filter>Graphics</Filter>
    </ClInclude>
    <ClInclude Include="Core\Graphics\Mesh.h">
      <Filter>Graphics</Filter>
    </ClInclude>
    <ClInclude Include="Core\Graphics\RenderCommand.h">
      <Filter>Graphics</Filter>
    </ClInclude>
    <ClInclude Include="Core\Graphics\Renderer\CameraBase.h">
      <Filter>Graphics\Renderer</Filter>
    </ClInclude>
    <ClInclude Include="Core\Graphics\Renderer\EditorCamera.h">
      <Filter>Graphics\Renderer</Filter>
    </ClInclude>
    <ClInclude Include="Core\Graphics\Renderer\Renderer.h">
      <Filter>Graphics\Renderer</Filter>
    </ClInclude>
    <ClInclude Include="Core\Graphics\Renderer\Renderer2D.h">
      <Filter>Graphics\Renderer</Filter>
    </ClInclude>
    <ClInclude Include="Core\Graphics\Shader.h">
      <Filter>Graphics</Filter>
    </ClInclude>
    <ClInclude Include="Core\Graphics\Texture.h">
      <Filter>Graphics</Filter>
    </ClInclude>
    <ClInclude Include="Core\Graphics\VertexArray.h">
      <Filter>Graphics</Filter>
    </ClInclude>
    <ClInclude Include="Core\Graphics\VertexBuffer.h">
      <Filter>Graphics</Filter>
    </ClInclude>
    <ClInclude Include="Core\ImGui\ImGuiCommand.h">
      <Filter>ImGui</Filter>
    </ClInclude>
    <ClInclude Include="Core\ImGui\ImGuiContent.h">
      <Filter>ImGui</Filter>
    </ClInclude>
    <ClInclude Include="Core\ImGui\ImGuiRenderer.h">
      <Filter>ImGui</Filter>
    </ClInclude>
    <ClInclude Include="Core\ImGui\ImGuiSubWindow.h">
      <Filter>ImGui</Filter>
    </ClInclude>
    <ClInclude Include="Core\Input\Input.h">
      <Filter>Input</Filter>
    </ClInclude>
    <ClInclude Include="Core\Input\InputKeyCodes.h">
      <Filter>Input</Filter>
    </ClInclude>
    <ClInclude Include="Core\Layer\Layer.h">
      <Filter>Layer</Filter>
    </ClInclude>
    <ClInclude Include="Core\Layer\LayerManager.h">
      <Filter>Layer</Filter>
    </ClInclude>
    <ClInclude Include="Core\Scene.h" />
    <ClInclude Include="Core\SceneManager.h" />
    <ClInclude Include="Core\SceneSerializer.h" />
    <ClInclude Include="Core\Script\ScriptEngine.h">
      <Filter>Script</Filter>
    </ClInclude>
    <ClInclude Include="Core\Time.h" />
    <ClInclude Include="Core\Type.h" />
    <ClInclude Include="Core\Utils\Assert.h">
      <Filter>Utils</Filter>
    </ClInclude>
    <ClInclude Include="Core\Utils\DebugDetection.h">
      <Filter>Utils</Filter>
    </ClInclude>
    <ClInclude Include="Core\Utils\File.h">
      <Filter>Utils</Filter>
    </ClInclude>
    <ClInclude Include="Core\Utils\Log.h">
      <Filter>Utils</Filter>
    </ClInclude>
    <ClInclude Include="Core\Utils\Math\MatrixMath.h">
      <Filter>Utils\Math</Filter>
    </ClInclude>
    <ClInclude Include="Core\Utils\PlatformDetection.h">
      <Filter>Utils</Filter>
    </ClInclude>
    <ClInclude Include="Core\Utils\UUIDGenerator.h">
      <Filter>Utils</Filter>
    </ClInclude>
    <ClInclude Include="Core\Utils\YAML_IMPL.hpp">
      <Filter>Utils</Filter>
    </ClInclude>
    <ClInclude Include="Core\Window.h" />
  </ItemGroup>
  <ItemGroup>
    <ClCompile Include="Core\Application.cpp" />
    <ClCompile Include="Core\Asset\Asset_Scene.cpp">
      <Filter>Asset</Filter>
    </ClCompile>
    <ClCompile Include="Core\Asset\Asset_Texture.cpp">
      <Filter>Asset</Filter>
    </ClCompile>
    <ClCompile Include="Core\Asset\Manager\AssetManager.cpp">
      <Filter>Asset\Manager</Filter>
    </ClCompile>
    <ClCompile Include="Core\Camera.cpp" />
    <ClCompile Include="Core\Component\CameraComponent.cpp">
      <Filter>Component</Filter>
    </ClCompile>
    <ClCompile Include="Core\Component\LightComponent.cpp">
      <Filter>Component</Filter>
    </ClCompile>
    <ClCompile Include="Core\Component\MaterialComponent.cpp">
      <Filter>Component</Filter>
    </ClCompile>
    <ClCompile Include="Core\Component\TransformComponent.cpp">
      <Filter>Component</Filter>
    </ClCompile>
    <ClCompile Include="Core\Entity\Entity.cpp">
      <Filter>Entity</Filter>
    </ClCompile>
    <ClCompile Include="Core\Event\EventManager.cpp">
      <Filter>Event</Filter>
    </ClCompile>
    <ClCompile Include="Core\Graphics\FrameBuffer.cpp">
      <Filter>Graphics</Filter>
    </ClCompile>
    <ClCompile Include="Core\Graphics\Graphics.cpp">
      <Filter>Graphics</Filter>
    </ClCompile>
    <ClCompile Include="Core\Graphics\IndexBuffer.cpp">
      <Filter>Graphics</Filter>
    </ClCompile>
    <ClCompile Include="Core\Graphics\Mesh.cpp">
      <Filter>Graphics</Filter>
    </ClCompile>
    <ClCompile Include="Core\Graphics\RenderCommand.cpp">
      <Filter>Graphics</Filter>
    </ClCompile>
    <ClCompile Include="Core\Graphics\Renderer\EditorCamera.cpp">
      <Filter>Graphics\Renderer</Filter>
    </ClCompile>
    <ClCompile Include="Core\Graphics\Renderer\Renderer.cpp">
      <Filter>Graphics\Renderer</Filter>
    </ClCompile>
    <ClCompile Include="Core\Graphics\Renderer\Renderer2D.cpp">
      <Filter>Graphics\Renderer</Filter>
    </ClCompile>
    <ClCompile Include="Core\Graphics\Shader.cpp">
      <Filter>Graphics</Filter>
    </ClCompile>
    <ClCompile Include="Core\Graphics\Texture.cpp">
      <Filter>Graphics</Filter>
    </ClCompile>
    <ClCompile Include="Core\Graphics\VertexArray.cpp">
      <Filter>Graphics</Filter>
    </ClCompile>
    <ClCompile Include="Core\Graphics\VertexBuffer.cpp">
      <Filter>Graphics</Filter>
    </ClCompile>
    <ClCompile Include="Core\ImGui\ImGuiCommand.cpp">
      <Filter>ImGui</Filter>
    </ClCompile>
    <ClCompile Include="Core\ImGui\ImGuiRenderer.cpp">
      <Filter>ImGui</Filter>
    </ClCompile>
    <ClCompile Include="Core\ImGui\ImGuiSubWindow.cpp">
      <Filter>ImGui</Filter>
    </ClCompile>
    <ClCompile Include="Core\Input\Input.cpp">
      <Filter>Input</Filter>
    </ClCompile>
    <ClCompile Include="Core\Layer\LayerManager.cpp">
      <Filter>Layer</Filter>
    </ClCompile>
    <ClCompile Include="Core\Scene.cpp" />
    <ClCompile Include="Core\SceneManager.cpp" />
    <ClCompile Include="Core\SceneSerializer.cpp" />
    <ClCompile Include="Core\Script\ScriptEngine.cpp">
      <Filter>Script</Filter>
    </ClCompile>
    <ClCompile Include="Core\Time.cpp" />
    <ClCompile Include="Core\Utils\File.cpp">
      <Filter>Utils</Filter>
    </ClCompile>
    <ClCompile Include="Core\Utils\IMGUI_IMPL.cpp">
      <Filter>Utils</Filter>
    </ClCompile>
    <ClCompile Include="Core\Utils\Log.cpp">
      <Filter>Utils</Filter>
    </ClCompile>
    <ClCompile Include="Core\Utils\Math\MatrixMath.cpp">
      <Filter>Utils\Math</Filter>
    </ClCompile>
    <ClCompile Include="Core\Utils\STB_IMPL.cpp">
      <Filter>Utils</Filter>
    </ClCompile>
    <ClCompile Include="Core\Utils\UUIDGenerator.cpp">
      <Filter>Utils</Filter>
    </ClCompile>
    <ClCompile Include="Core\Window.cpp" />
  </ItemGroup>
</Project>